{
    "version": "0.5",
    "requires": [
        "zlib/1.3.1#f52e03ae3d251dec704634230cd806a2%1732796843.292119",
        "yaml-cpp/0.8.0#720ad361689101a838b2c703a49e9c26%1732796842.311844",
        "xz_utils/5.4.5#b885d1d79c9d30cff3803f7f551dbe66%1732796841.91988",
        "unbound/1.22.0@dwd/metre#f1ddd8674b3d5fb872b9076bfe19c6cb%1732728779.198479",
        "spdlog/1.14.1#4fd40d9cbc1978247443a10d2ace58fd%1732796841.191083",
        "sigslot/1.0.1@dwd/metre#e58bc62191b53f3d685017b1b0d4a06e%1732614467.033139",
        "sentry-native/0.7.11#55564b79a64d2222a5089ac319e8fb20%1732796840.899474",
        "openssl/3.3.2#9f9f130d58e7c13e76bb8a559f0a6a8b%1732796682.315553",
        "libunwind/1.8.1#97965ef7da98cf1662e14219b14134f7%1732796840.319817",
        "libevent/2.1.12#b6333a128075d75a3614bd8418bf2099%1732796839.807487",
        "libcurl/8.10.1#a3113369c86086b0e84231844e7ed0a9%1732796706.191803",
        "icu/76.1#6152035656522dcd3c738591a5ae58b7%1732796822.513111",
        "gtest/1.12.1#016a2ec368fbaf1a3fc1cc4d6a2a21c7%1732796821.836182",
        "fmt/10.2.1#8d582aeebdf05b6f0abe2911b926c3f4%1732796821.45217",
        "covent/0.1.16@dwd/metre#e37596e246f461a900494362ea26c291%1742147376.0881546",
        "covent/0.1.15@dwd/metre#37e5fe0e42290482598d24aac2f88b40%1742143912.952233",
        "covent/0.1.14@dwd/metre#854e6a3635d93e1f6d7bdf320a3d7b74%1741644553.530241",
        "covent/0.1.12@dwd/metre#505183edcbbace7baa4aa10b73260da9%1741643914.618947",
        "covent/0.1.11@dwd/metre#520ef0641e98b7c4e41d7b49adcce757%1741643276.504405",
        "covent/0.1.10@dwd/metre#cc596bea947e5e9b52ee18787da7357a%1741181076.4339228",
        "covent/0.1.9@dwd/metre#8cc9fd174bd993f7885fe7ed0aa10735%1740389758.0977533",
        "covent/0.1.8@dwd/metre#6eeb780ec254aeaa6d6b138abbeb0211%1740324204.977028",
        "covent/0.1.7@dwd/metre#9c8f289a04cb9fc52465b36cc5dd9502%1740309142.540298",
        "covent/0.1.6@dwd/metre#84c4147f42e3cbbe89cbefdd86843077%1740263758.039302",
        "covent/0.1.5@dwd/metre#0e7e469b5f684f257e5cc87d1876251e%1740262704.582703",
        "covent/0.1.4@dwd/metre#cda46cd63557541b4adad4a05495a877%1733918032.9504156",
        "covent/0.1.3@dwd/metre#ed90d4b31ef6c6b7917021fbcdc9fcc7%1732807006.170866"
    ],
    "build_requires": [
        "pkgconf/2.1.0#27f44583701117b571307cf5b5fe5605%1732796840.826156",
        "ninja/1.12.1#fd583651bf0c6a901943495d49878803%1732796840.78345",
        "meson/1.2.2#21b73818ba96d9eea465b310b5bbc993%1732796840.749128",
        "m4/1.4.19#b38ced39a01e31fef5435bc634461fd2%1732796840.656515",
        "libtool/2.4.7#08316dad5c72c541ed21e039e4cf217b%1732796840.169783",
        "gnu-config/cci.20210814#dc430d754f465e8c74463019672fb97b%1732796821.769842",
        "automake/1.16.5#058bda3e21c36c9aa8425daf3c1faf50%1732796821.060134",
        "autoconf/2.71#f9307992909d7fb3df459340f1932809%1732796820.926057"
    ],
    "python_requires": [],
    "config_requires": []
}